
Microsoft Visual Studio Solution File, Format Version 12.00
# Visual Studio Version 17
VisualStudioVersion = 17.8.34330.188
MinimumVisualStudioVersion = 10.0.40219.1
Project("{FAE04EC0-301F-11D3-BF4B-00C04F79EFBC}") = "Bloggie.Web", "Bloggie.Web\Bloggie.Web.csproj", "{863152B3-5537-4582-A20D-60CE58E56348}"
EndProject
Global
	GlobalSection(SolutionConfigurationPlatforms) = preSolution
		Debug|Any CPU = Debug|Any CPU
		Release|Any CPU = Release|Any CPU
	EndGlobalSection
	GlobalSection(ProjectConfigurationPlatforms) = postSolution
		{863152B3-5537-4582-A20D-60CE58E56348}.Debug|Any CPU.ActiveCfg = Debug|Any CPU
		{863152B3-5537-4582-A20D-60CE58E56348}.Debug|Any CPU.Build.0 = Debug|Any CPU
		{863152B3-5537-4582-A20D-60CE58E56348}.Release|Any CPU.ActiveCfg = Release|Any CPU
		{863152B3-5537-4582-A20D-60CE58E56348}.Release|Any CPU.Build.0 = Release|Any CPU
	EndGlobalSection
	GlobalSection(SolutionProperties) = preSolution
		HideSolutionNode = FALSE
	EndGlobalSection
	GlobalSection(ExtensibilityGlobals) = postSolution
		SolutionGuid = {1FB273B3-54FF-4268-8B3D-97C7D481ABD2}
	EndGlobalSection
EndGlobal
